
Microsoft Visual Studio Solution File, Format Version 12.00
# Visual Studio Version 16
VisualStudioVersion = 16.0.30320.27
MinimumVisualStudioVersion = 10.0.40219.1
Project("{F184B08F-C81C-45F6-A57F-5ABD9991F28F}") = "Food App", "Food App\Food App.vbproj", "{A5C5CD8F-8AC1-4406-BAA3-90EB89DE71F8}"
EndProject
Global
	GlobalSection(SolutionConfigurationPlatforms) = preSolution
		Debug|Any CPU = Debug|Any CPU
		Release|Any CPU = Release|Any CPU
	EndGlobalSection
	GlobalSection(ProjectConfigurationPlatforms) = postSolution
		{A5C5CD8F-8AC1-4406-BAA3-90EB89DE71F8}.Debug|Any CPU.ActiveCfg = Debug|Any CPU
		{A5C5CD8F-8AC1-4406-BAA3-90EB89DE71F8}.Debug|Any CPU.Build.0 = Debug|Any CPU
		{A5C5CD8F-8AC1-4406-BAA3-90EB89DE71F8}.Release|Any CPU.ActiveCfg = Release|Any CPU
		{A5C5CD8F-8AC1-4406-BAA3-90EB89DE71F8}.Release|Any CPU.Build.0 = Release|Any CPU
	EndGlobalSection
	GlobalSection(SolutionProperties) = preSolution
		HideSolutionNode = FALSE
	EndGlobalSection
	GlobalSection(ExtensibilityGlobals) = postSolution
		SolutionGuid = {2757C3D4-B66E-450F-9973-08B8BBF37FD8}
	EndGlobalSection
EndGlobal
